// !$*UTF8*$!
{
	archiveVersion = 1;
	classes = {
	};
	objectVersion = 55;
	objects = {

/* Begin PBXBuildFile section */
		1489E059E21CCC056823ADE6 /* Pods_CoinStatsTaskTests.framework in Frameworks */ = {isa = PBXBuildFile; fileRef = E2AA497C7E741F3087D6D526 /* Pods_CoinStatsTaskTests.framework */; };
		7939976427FEF4710024A4CF /* Article.swift in Sources */ = {isa = PBXBuildFile; fileRef = 7939976327FEF4710024A4CF /* Article.swift */; };
		7939976627FEF6470024A4CF /* NetworkController.swift in Sources */ = {isa = PBXBuildFile; fileRef = 7939976527FEF6470024A4CF /* NetworkController.swift */; };
		7939976927FF01BB0024A4CF /* MainTableViewController.swift in Sources */ = {isa = PBXBuildFile; fileRef = 7939976827FF01BB0024A4CF /* MainTableViewController.swift */; };
		7939976D27FF036F0024A4CF /* MainTableViewCell.swift in Sources */ = {isa = PBXBuildFile; fileRef = 7939976C27FF036F0024A4CF /* MainTableViewCell.swift */; };
		7939977027FF0B9E0024A4CF /* Kingfisher in Frameworks */ = {isa = PBXBuildFile; productRef = 7939976F27FF0B9E0024A4CF /* Kingfisher */; };
		7939977227FF2E660024A4CF /* DetailViewController.swift in Sources */ = {isa = PBXBuildFile; fileRef = 7939977127FF2E660024A4CF /* DetailViewController.swift */; };
		7939977527FF2F350024A4CF /* Realm in Frameworks */ = {isa = PBXBuildFile; productRef = 7939977427FF2F350024A4CF /* Realm */; };
		7939977727FF2F350024A4CF /* RealmSwift in Frameworks */ = {isa = PBXBuildFile; productRef = 7939977627FF2F350024A4CF /* RealmSwift */; };
		79A68C5E2804317B00C0C762 /* GalleryRealm.swift in Sources */ = {isa = PBXBuildFile; fileRef = 79A68C5D2804317B00C0C762 /* GalleryRealm.swift */; };
		79A68C602804318700C0C762 /* Gallery.swift in Sources */ = {isa = PBXBuildFile; fileRef = 79A68C5F2804318700C0C762 /* Gallery.swift */; };
		79A9002F2803741C00198F5D /* Endpoints.swift in Sources */ = {isa = PBXBuildFile; fileRef = 79A9002E2803741C00198F5D /* Endpoints.swift */; };
		79A900332803879C00198F5D /* UIStoryboard.swift in Sources */ = {isa = PBXBuildFile; fileRef = 79A900322803879C00198F5D /* UIStoryboard.swift */; };
		79A900352803881F00198F5D /* UIViewController.swift in Sources */ = {isa = PBXBuildFile; fileRef = 79A900342803881F00198F5D /* UIViewController.swift */; };
		79DA8A9E27FDC71800D56B57 /* AppDelegate.swift in Sources */ = {isa = PBXBuildFile; fileRef = 79DA8A9D27FDC71800D56B57 /* AppDelegate.swift */; };
		79DA8AA027FDC71800D56B57 /* SceneDelegate.swift in Sources */ = {isa = PBXBuildFile; fileRef = 79DA8A9F27FDC71800D56B57 /* SceneDelegate.swift */; };
		79DA8AA527FDC71800D56B57 /* Main.storyboard in Resources */ = {isa = PBXBuildFile; fileRef = 79DA8AA327FDC71800D56B57 /* Main.storyboard */; };
		79DA8AA727FDC71900D56B57 /* Assets.xcassets in Resources */ = {isa = PBXBuildFile; fileRef = 79DA8AA627FDC71900D56B57 /* Assets.xcassets */; };
		79DA8AAA27FDC71900D56B57 /* LaunchScreen.storyboard in Resources */ = {isa = PBXBuildFile; fileRef = 79DA8AA827FDC71900D56B57 /* LaunchScreen.storyboard */; };
		79DA8AB527FDC71900D56B57 /* CoinStatsTaskTests.swift in Sources */ = {isa = PBXBuildFile; fileRef = 79DA8AB427FDC71900D56B57 /* CoinStatsTaskTests.swift */; };
		79DA8ABF27FDC71A00D56B57 /* CoinStatsTaskUITests.swift in Sources */ = {isa = PBXBuildFile; fileRef = 79DA8ABE27FDC71A00D56B57 /* CoinStatsTaskUITests.swift */; };
		79DA8AC127FDC71A00D56B57 /* CoinStatsTaskUITestsLaunchTests.swift in Sources */ = {isa = PBXBuildFile; fileRef = 79DA8AC027FDC71A00D56B57 /* CoinStatsTaskUITestsLaunchTests.swift */; };
		79E3A0AB2800450E0006FD0F /* ArticleRealm.swift in Sources */ = {isa = PBXBuildFile; fileRef = 79E3A0AA2800450E0006FD0F /* ArticleRealm.swift */; };
		79E3A0AD2801AC920006FD0F /* LaunchViewController.swift in Sources */ = {isa = PBXBuildFile; fileRef = 79E3A0AC2801AC920006FD0F /* LaunchViewController.swift */; };
		79EB058C28021ED200812689 /* GalleryCollectionViewController.swift in Sources */ = {isa = PBXBuildFile; fileRef = 79EB058B28021ED200812689 /* GalleryCollectionViewController.swift */; };
		79EB058E280220ED00812689 /* GalleryCollectionViewCell.swift in Sources */ = {isa = PBXBuildFile; fileRef = 79EB058D280220ED00812689 /* GalleryCollectionViewCell.swift */; };
		79EB059028025C8C00812689 /* PersistenceController.swift in Sources */ = {isa = PBXBuildFile; fileRef = 79EB058F28025C8C00812689 /* PersistenceController.swift */; };
		8F55B2B42FA1B3B6D6F02249 /* Pods_CoinStatsTask_CoinStatsTaskUITests.framework in Frameworks */ = {isa = PBXBuildFile; fileRef = ED92F7E0736294486DEEBAE1 /* Pods_CoinStatsTask_CoinStatsTaskUITests.framework */; };
		B3A628CEDA615ACA0110CC29 /* Pods_CoinStatsTask.framework in Frameworks */ = {isa = PBXBuildFile; fileRef = 90A3B4E8088C8A3B93840125 /* Pods_CoinStatsTask.framework */; };
/* End PBXBuildFile section */

/* Begin PBXContainerItemProxy section */
		79DA8AB127FDC71900D56B57 /* PBXContainerItemProxy */ = {
			isa = PBXContainerItemProxy;
			containerPortal = 79DA8A9227FDC71700D56B57 /* Project object */;
			proxyType = 1;
			remoteGlobalIDString = 79DA8A9927FDC71800D56B57;
			remoteInfo = CoinStatsTask;
		};
		79DA8ABB27FDC71900D56B57 /* PBXContainerItemProxy */ = {
			isa = PBXContainerItemProxy;
			containerPortal = 79DA8A9227FDC71700D56B57 /* Project object */;
			proxyType = 1;
			remoteGlobalIDString = 79DA8A9927FDC71800D56B57;
			remoteInfo = CoinStatsTask;
		};
/* End PBXContainerItemProxy section */

/* Begin PBXFileReference section */
		3C1EB2315A8822F2E2DD06BF /* Pods-CoinStatsTask.debug.xcconfig */ = {isa = PBXFileReference; includeInIndex = 1; lastKnownFileType = text.xcconfig; name = "Pods-CoinStatsTask.debug.xcconfig"; path = "Target Support Files/Pods-CoinStatsTask/Pods-CoinStatsTask.debug.xcconfig"; sourceTree = "<group>"; };
		4DA58CA60399369DF58247FE /* Pods-CoinStatsTask-CoinStatsTaskUITests.debug.xcconfig */ = {isa = PBXFileReference; includeInIndex = 1; lastKnownFileType = text.xcconfig; name = "Pods-CoinStatsTask-CoinStatsTaskUITests.debug.xcconfig"; path = "Target Support Files/Pods-CoinStatsTask-CoinStatsTaskUITests/Pods-CoinStatsTask-CoinStatsTaskUITests.debug.xcconfig"; sourceTree = "<group>"; };
		6F51A8FC68C56DE4E8D6D9FE /* Pods-CoinStatsTask-CoinStatsTaskUITests.release.xcconfig */ = {isa = PBXFileReference; includeInIndex = 1; lastKnownFileType = text.xcconfig; name = "Pods-CoinStatsTask-CoinStatsTaskUITests.release.xcconfig"; path = "Target Support Files/Pods-CoinStatsTask-CoinStatsTaskUITests/Pods-CoinStatsTask-CoinStatsTaskUITests.release.xcconfig"; sourceTree = "<group>"; };
		7939976327FEF4710024A4CF /* Article.swift */ = {isa = PBXFileReference; lastKnownFileType = sourcecode.swift; path = Article.swift; sourceTree = "<group>"; };
		7939976527FEF6470024A4CF /* NetworkController.swift */ = {isa = PBXFileReference; lastKnownFileType = sourcecode.swift; path = NetworkController.swift; sourceTree = "<group>"; };
		7939976827FF01BB0024A4CF /* MainTableViewController.swift */ = {isa = PBXFileReference; lastKnownFileType = sourcecode.swift; path = MainTableViewController.swift; sourceTree = "<group>"; };
		7939976C27FF036F0024A4CF /* MainTableViewCell.swift */ = {isa = PBXFileReference; lastKnownFileType = sourcecode.swift; path = MainTableViewCell.swift; sourceTree = "<group>"; };
		7939977127FF2E660024A4CF /* DetailViewController.swift */ = {isa = PBXFileReference; lastKnownFileType = sourcecode.swift; path = DetailViewController.swift; sourceTree = "<group>"; };
		79A68C5D2804317B00C0C762 /* GalleryRealm.swift */ = {isa = PBXFileReference; lastKnownFileType = sourcecode.swift; path = GalleryRealm.swift; sourceTree = "<group>"; };
		79A68C5F2804318700C0C762 /* Gallery.swift */ = {isa = PBXFileReference; lastKnownFileType = sourcecode.swift; path = Gallery.swift; sourceTree = "<group>"; };
		79A9002E2803741C00198F5D /* Endpoints.swift */ = {isa = PBXFileReference; lastKnownFileType = sourcecode.swift; path = Endpoints.swift; sourceTree = "<group>"; };
		79A900322803879C00198F5D /* UIStoryboard.swift */ = {isa = PBXFileReference; lastKnownFileType = sourcecode.swift; path = UIStoryboard.swift; sourceTree = "<group>"; };
		79A900342803881F00198F5D /* UIViewController.swift */ = {isa = PBXFileReference; lastKnownFileType = sourcecode.swift; path = UIViewController.swift; sourceTree = "<group>"; };
		79DA8A9A27FDC71800D56B57 /* CoinStatsTask.app */ = {isa = PBXFileReference; explicitFileType = wrapper.application; includeInIndex = 0; path = CoinStatsTask.app; sourceTree = BUILT_PRODUCTS_DIR; };
		79DA8A9D27FDC71800D56B57 /* AppDelegate.swift */ = {isa = PBXFileReference; lastKnownFileType = sourcecode.swift; path = AppDelegate.swift; sourceTree = "<group>"; };
		79DA8A9F27FDC71800D56B57 /* SceneDelegate.swift */ = {isa = PBXFileReference; lastKnownFileType = sourcecode.swift; path = SceneDelegate.swift; sourceTree = "<group>"; };
		79DA8AA427FDC71800D56B57 /* Base */ = {isa = PBXFileReference; lastKnownFileType = file.storyboard; name = Base; path = Base.lproj/Main.storyboard; sourceTree = "<group>"; };
		79DA8AA627FDC71900D56B57 /* Assets.xcassets */ = {isa = PBXFileReference; lastKnownFileType = folder.assetcatalog; path = Assets.xcassets; sourceTree = "<group>"; };
		79DA8AA927FDC71900D56B57 /* Base */ = {isa = PBXFileReference; lastKnownFileType = file.storyboard; name = Base; path = Base.lproj/LaunchScreen.storyboard; sourceTree = "<group>"; };
		79DA8AAB27FDC71900D56B57 /* Info.plist */ = {isa = PBXFileReference; lastKnownFileType = text.plist.xml; path = Info.plist; sourceTree = "<group>"; };
		79DA8AB027FDC71900D56B57 /* CoinStatsTaskTests.xctest */ = {isa = PBXFileReference; explicitFileType = wrapper.cfbundle; includeInIndex = 0; path = CoinStatsTaskTests.xctest; sourceTree = BUILT_PRODUCTS_DIR; };
		79DA8AB427FDC71900D56B57 /* CoinStatsTaskTests.swift */ = {isa = PBXFileReference; lastKnownFileType = sourcecode.swift; path = CoinStatsTaskTests.swift; sourceTree = "<group>"; };
		79DA8ABA27FDC71900D56B57 /* CoinStatsTaskUITests.xctest */ = {isa = PBXFileReference; explicitFileType = wrapper.cfbundle; includeInIndex = 0; path = CoinStatsTaskUITests.xctest; sourceTree = BUILT_PRODUCTS_DIR; };
		79DA8ABE27FDC71A00D56B57 /* CoinStatsTaskUITests.swift */ = {isa = PBXFileReference; lastKnownFileType = sourcecode.swift; path = CoinStatsTaskUITests.swift; sourceTree = "<group>"; };
		79DA8AC027FDC71A00D56B57 /* CoinStatsTaskUITestsLaunchTests.swift */ = {isa = PBXFileReference; lastKnownFileType = sourcecode.swift; path = CoinStatsTaskUITestsLaunchTests.swift; sourceTree = "<group>"; };
		79E3A0AA2800450E0006FD0F /* ArticleRealm.swift */ = {isa = PBXFileReference; lastKnownFileType = sourcecode.swift; path = ArticleRealm.swift; sourceTree = "<group>"; };
		79E3A0AC2801AC920006FD0F /* LaunchViewController.swift */ = {isa = PBXFileReference; lastKnownFileType = sourcecode.swift; path = LaunchViewController.swift; sourceTree = "<group>"; };
		79EB058B28021ED200812689 /* GalleryCollectionViewController.swift */ = {isa = PBXFileReference; lastKnownFileType = sourcecode.swift; path = GalleryCollectionViewController.swift; sourceTree = "<group>"; };
		79EB058D280220ED00812689 /* GalleryCollectionViewCell.swift */ = {isa = PBXFileReference; lastKnownFileType = sourcecode.swift; path = GalleryCollectionViewCell.swift; sourceTree = "<group>"; };
		79EB058F28025C8C00812689 /* PersistenceController.swift */ = {isa = PBXFileReference; lastKnownFileType = sourcecode.swift; path = PersistenceController.swift; sourceTree = "<group>"; };
		83DDB2EC79E053919867BCC0 /* Pods-CoinStatsTask.release.xcconfig */ = {isa = PBXFileReference; includeInIndex = 1; lastKnownFileType = text.xcconfig; name = "Pods-CoinStatsTask.release.xcconfig"; path = "Target Support Files/Pods-CoinStatsTask/Pods-CoinStatsTask.release.xcconfig"; sourceTree = "<group>"; };
		90A3B4E8088C8A3B93840125 /* Pods_CoinStatsTask.framework */ = {isa = PBXFileReference; explicitFileType = wrapper.framework; includeInIndex = 0; path = Pods_CoinStatsTask.framework; sourceTree = BUILT_PRODUCTS_DIR; };
		9846E8BD0D0FFD5D01D50CE1 /* Pods-CoinStatsTaskTests.debug.xcconfig */ = {isa = PBXFileReference; includeInIndex = 1; lastKnownFileType = text.xcconfig; name = "Pods-CoinStatsTaskTests.debug.xcconfig"; path = "Target Support Files/Pods-CoinStatsTaskTests/Pods-CoinStatsTaskTests.debug.xcconfig"; sourceTree = "<group>"; };
		E2AA497C7E741F3087D6D526 /* Pods_CoinStatsTaskTests.framework */ = {isa = PBXFileReference; explicitFileType = wrapper.framework; includeInIndex = 0; path = Pods_CoinStatsTaskTests.framework; sourceTree = BUILT_PRODUCTS_DIR; };
		ED92F7E0736294486DEEBAE1 /* Pods_CoinStatsTask_CoinStatsTaskUITests.framework */ = {isa = PBXFileReference; explicitFileType = wrapper.framework; includeInIndex = 0; path = Pods_CoinStatsTask_CoinStatsTaskUITests.framework; sourceTree = BUILT_PRODUCTS_DIR; };
		F235B88402C7504E73115639 /* Pods-CoinStatsTaskTests.release.xcconfig */ = {isa = PBXFileReference; includeInIndex = 1; lastKnownFileType = text.xcconfig; name = "Pods-CoinStatsTaskTests.release.xcconfig"; path = "Target Support Files/Pods-CoinStatsTaskTests/Pods-CoinStatsTaskTests.release.xcconfig"; sourceTree = "<group>"; };
/* End PBXFileReference section */

/* Begin PBXFrameworksBuildPhase section */
		79DA8A9727FDC71800D56B57 /* Frameworks */ = {
			isa = PBXFrameworksBuildPhase;
			buildActionMask = 2147483647;
			files = (
				7939977727FF2F350024A4CF /* RealmSwift in Frameworks */,
				7939977527FF2F350024A4CF /* Realm in Frameworks */,
				7939977027FF0B9E0024A4CF /* Kingfisher in Frameworks */,
				B3A628CEDA615ACA0110CC29 /* Pods_CoinStatsTask.framework in Frameworks */,
			);
			runOnlyForDeploymentPostprocessing = 0;
		};
		79DA8AAD27FDC71900D56B57 /* Frameworks */ = {
			isa = PBXFrameworksBuildPhase;
			buildActionMask = 2147483647;
			files = (
				1489E059E21CCC056823ADE6 /* Pods_CoinStatsTaskTests.framework in Frameworks */,
			);
			runOnlyForDeploymentPostprocessing = 0;
		};
		79DA8AB727FDC71900D56B57 /* Frameworks */ = {
			isa = PBXFrameworksBuildPhase;
			buildActionMask = 2147483647;
			files = (
				8F55B2B42FA1B3B6D6F02249 /* Pods_CoinStatsTask_CoinStatsTaskUITests.framework in Frameworks */,
			);
			runOnlyForDeploymentPostprocessing = 0;
		};
/* End PBXFrameworksBuildPhase section */

/* Begin PBXGroup section */
		7742615A82A0EF50778DC238 /* Frameworks */ = {
			isa = PBXGroup;
			children = (
				90A3B4E8088C8A3B93840125 /* Pods_CoinStatsTask.framework */,
				ED92F7E0736294486DEEBAE1 /* Pods_CoinStatsTask_CoinStatsTaskUITests.framework */,
				E2AA497C7E741F3087D6D526 /* Pods_CoinStatsTaskTests.framework */,
			);
			name = Frameworks;
			sourceTree = "<group>";
		};
		7939976727FEF6540024A4CF /* Network Controllers */ = {
			isa = PBXGroup;
			children = (
				7939976527FEF6470024A4CF /* NetworkController.swift */,
				79EB058F28025C8C00812689 /* PersistenceController.swift */,
			);
			path = "Network Controllers";
			sourceTree = "<group>";
		};
		7939976A27FF01D70024A4CF /* View Controllers */ = {
			isa = PBXGroup;
			children = (
				79E3A0AC2801AC920006FD0F /* LaunchViewController.swift */,
				7939976827FF01BB0024A4CF /* MainTableViewController.swift */,
				7939977127FF2E660024A4CF /* DetailViewController.swift */,
				79EB058B28021ED200812689 /* GalleryCollectionViewController.swift */,
			);
			path = "View Controllers";
			sourceTree = "<group>";
		};
		7939976B27FF03480024A4CF /* Cells */ = {
			isa = PBXGroup;
			children = (
				7939976C27FF036F0024A4CF /* MainTableViewCell.swift */,
				79EB058D280220ED00812689 /* GalleryCollectionViewCell.swift */,
			);
			path = Cells;
			sourceTree = "<group>";
		};
		79A90030280386F000198F5D /* Networking */ = {
			isa = PBXGroup;
			children = (
				79A9002E2803741C00198F5D /* Endpoints.swift */,
			);
			path = Networking;
			sourceTree = "<group>";
		};
		79A900312803870E00198F5D /* Extensions */ = {
			isa = PBXGroup;
			children = (
				79A900322803879C00198F5D /* UIStoryboard.swift */,
				79A900342803881F00198F5D /* UIViewController.swift */,
			);
			path = Extensions;
			sourceTree = "<group>";
		};
		79DA8A9127FDC71700D56B57 = {
			isa = PBXGroup;
			children = (
				79DA8A9C27FDC71800D56B57 /* CoinStatsTask */,
				79DA8AB327FDC71900D56B57 /* CoinStatsTaskTests */,
				79DA8ABD27FDC71900D56B57 /* CoinStatsTaskUITests */,
				79DA8A9B27FDC71800D56B57 /* Products */,
				7B1A07B8173BF752D925BA00 /* Pods */,
				7742615A82A0EF50778DC238 /* Frameworks */,
			);
			sourceTree = "<group>";
		};
		79DA8A9B27FDC71800D56B57 /* Products */ = {
			isa = PBXGroup;
			children = (
				79DA8A9A27FDC71800D56B57 /* CoinStatsTask.app */,
				79DA8AB027FDC71900D56B57 /* CoinStatsTaskTests.xctest */,
				79DA8ABA27FDC71900D56B57 /* CoinStatsTaskUITests.xctest */,
			);
			name = Products;
			sourceTree = "<group>";
		};
		79DA8A9C27FDC71800D56B57 /* CoinStatsTask */ = {
			isa = PBXGroup;
			children = (
				79DA8A9D27FDC71800D56B57 /* AppDelegate.swift */,
				79DA8A9F27FDC71800D56B57 /* SceneDelegate.swift */,
				79DA8ACE27FEE81900D56B57 /* Model */,
				79DA8ACD27FEE7F700D56B57 /* View */,
				79DA8ACF27FEE82D00D56B57 /* Controller */,
				79A900312803870E00198F5D /* Extensions */,
				79DA8AA627FDC71900D56B57 /* Assets.xcassets */,
				79DA8AAB27FDC71900D56B57 /* Info.plist */,
			);
			path = CoinStatsTask;
			sourceTree = "<group>";
		};
		79DA8AB327FDC71900D56B57 /* CoinStatsTaskTests */ = {
			isa = PBXGroup;
			children = (
				79DA8AB427FDC71900D56B57 /* CoinStatsTaskTests.swift */,
			);
			path = CoinStatsTaskTests;
			sourceTree = "<group>";
		};
		79DA8ABD27FDC71900D56B57 /* CoinStatsTaskUITests */ = {
			isa = PBXGroup;
			children = (
				79DA8ABE27FDC71A00D56B57 /* CoinStatsTaskUITests.swift */,
				79DA8AC027FDC71A00D56B57 /* CoinStatsTaskUITestsLaunchTests.swift */,
			);
			path = CoinStatsTaskUITests;
			sourceTree = "<group>";
		};
		79DA8ACD27FEE7F700D56B57 /* View */ = {
			isa = PBXGroup;
			children = (
				79DA8AA327FDC71800D56B57 /* Main.storyboard */,
				79DA8AA827FDC71900D56B57 /* LaunchScreen.storyboard */,
			);
			path = View;
			sourceTree = "<group>";
		};
		79DA8ACE27FEE81900D56B57 /* Model */ = {
			isa = PBXGroup;
			children = (
				79A90030280386F000198F5D /* Networking */,
				7939976327FEF4710024A4CF /* Article.swift */,
				79A68C5F2804318700C0C762 /* Gallery.swift */,
				79E3A0AA2800450E0006FD0F /* ArticleRealm.swift */,
				79A68C5D2804317B00C0C762 /* GalleryRealm.swift */,
			);
			path = Model;
			sourceTree = "<group>";
		};
		79DA8ACF27FEE82D00D56B57 /* Controller */ = {
			isa = PBXGroup;
			children = (
				7939976727FEF6540024A4CF /* Network Controllers */,
				7939976A27FF01D70024A4CF /* View Controllers */,
				7939976B27FF03480024A4CF /* Cells */,
			);
			path = Controller;
			sourceTree = "<group>";
		};
		7B1A07B8173BF752D925BA00 /* Pods */ = {
			isa = PBXGroup;
			children = (
				3C1EB2315A8822F2E2DD06BF /* Pods-CoinStatsTask.debug.xcconfig */,
				83DDB2EC79E053919867BCC0 /* Pods-CoinStatsTask.release.xcconfig */,
				4DA58CA60399369DF58247FE /* Pods-CoinStatsTask-CoinStatsTaskUITests.debug.xcconfig */,
				6F51A8FC68C56DE4E8D6D9FE /* Pods-CoinStatsTask-CoinStatsTaskUITests.release.xcconfig */,
				9846E8BD0D0FFD5D01D50CE1 /* Pods-CoinStatsTaskTests.debug.xcconfig */,
				F235B88402C7504E73115639 /* Pods-CoinStatsTaskTests.release.xcconfig */,
			);
			path = Pods;
			sourceTree = "<group>";
		};
/* End PBXGroup section */

/* Begin PBXNativeTarget section */
		79DA8A9927FDC71800D56B57 /* CoinStatsTask */ = {
			isa = PBXNativeTarget;
			buildConfigurationList = 79DA8AC427FDC71A00D56B57 /* Build configuration list for PBXNativeTarget "CoinStatsTask" */;
			buildPhases = (
				4049A7F6D54A72ADB10307F1 /* [CP] Check Pods Manifest.lock */,
				79DA8A9627FDC71800D56B57 /* Sources */,
				79DA8A9727FDC71800D56B57 /* Frameworks */,
				79DA8A9827FDC71800D56B57 /* Resources */,
				79C29C0F2800024900058D80 /* ShellScript */,
				36BF58F677C728EB854D8B22 /* [CP] Embed Pods Frameworks */,
			);
			buildRules = (
			);
			dependencies = (
			);
			name = CoinStatsTask;
			packageProductDependencies = (
				7939976F27FF0B9E0024A4CF /* Kingfisher */,
				7939977427FF2F350024A4CF /* Realm */,
				7939977627FF2F350024A4CF /* RealmSwift */,
			);
			productName = CoinStatsTask;
			productReference = 79DA8A9A27FDC71800D56B57 /* CoinStatsTask.app */;
			productType = "com.apple.product-type.application";
		};
		79DA8AAF27FDC71900D56B57 /* CoinStatsTaskTests */ = {
			isa = PBXNativeTarget;
			buildConfigurationList = 79DA8AC727FDC71A00D56B57 /* Build configuration list for PBXNativeTarget "CoinStatsTaskTests" */;
			buildPhases = (
				06290C1F8D646A262D3B2938 /* [CP] Check Pods Manifest.lock */,
				79DA8AAC27FDC71900D56B57 /* Sources */,
				79DA8AAD27FDC71900D56B57 /* Frameworks */,
				79DA8AAE27FDC71900D56B57 /* Resources */,
			);
			buildRules = (
			);
			dependencies = (
				79DA8AB227FDC71900D56B57 /* PBXTargetDependency */,
			);
			name = CoinStatsTaskTests;
			productName = CoinStatsTaskTests;
			productReference = 79DA8AB027FDC71900D56B57 /* CoinStatsTaskTests.xctest */;
			productType = "com.apple.product-type.bundle.unit-test";
		};
		79DA8AB927FDC71900D56B57 /* CoinStatsTaskUITests */ = {
			isa = PBXNativeTarget;
			buildConfigurationList = 79DA8ACA27FDC71A00D56B57 /* Build configuration list for PBXNativeTarget "CoinStatsTaskUITests" */;
			buildPhases = (
				EE7ED589C882150E2770B849 /* [CP] Check Pods Manifest.lock */,
				79DA8AB627FDC71900D56B57 /* Sources */,
				79DA8AB727FDC71900D56B57 /* Frameworks */,
				79DA8AB827FDC71900D56B57 /* Resources */,
				09A8D003CBC9ECB6F5A5359C /* [CP] Embed Pods Frameworks */,
			);
			buildRules = (
			);
			dependencies = (
				79DA8ABC27FDC71900D56B57 /* PBXTargetDependency */,
			);
			name = CoinStatsTaskUITests;
			productName = CoinStatsTaskUITests;
			productReference = 79DA8ABA27FDC71900D56B57 /* CoinStatsTaskUITests.xctest */;
			productType = "com.apple.product-type.bundle.ui-testing";
		};
/* End PBXNativeTarget section */

/* Begin PBXProject section */
		79DA8A9227FDC71700D56B57 /* Project object */ = {
			isa = PBXProject;
			attributes = {
				BuildIndependentTargetsInParallel = 1;
				LastSwiftUpdateCheck = 1330;
				LastUpgradeCheck = 1330;
				TargetAttributes = {
					79DA8A9927FDC71800D56B57 = {
						CreatedOnToolsVersion = 13.3;
					};
					79DA8AAF27FDC71900D56B57 = {
						CreatedOnToolsVersion = 13.3;
						TestTargetID = 79DA8A9927FDC71800D56B57;
					};
					79DA8AB927FDC71900D56B57 = {
						CreatedOnToolsVersion = 13.3;
						TestTargetID = 79DA8A9927FDC71800D56B57;
					};
				};
			};
			buildConfigurationList = 79DA8A9527FDC71700D56B57 /* Build configuration list for PBXProject "CoinStatsTask" */;
			compatibilityVersion = "Xcode 13.0";
			developmentRegion = en;
			hasScannedForEncodings = 0;
			knownRegions = (
				en,
				Base,
			);
			mainGroup = 79DA8A9127FDC71700D56B57;
			packageReferences = (
				7939976E27FF0B9E0024A4CF /* XCRemoteSwiftPackageReference "Kingfisher" */,
				7939977327FF2F350024A4CF /* XCRemoteSwiftPackageReference "realm-swift" */,
			);
			productRefGroup = 79DA8A9B27FDC71800D56B57 /* Products */;
			projectDirPath = "";
			projectRoot = "";
			targets = (
				79DA8A9927FDC71800D56B57 /* CoinStatsTask */,
				79DA8AAF27FDC71900D56B57 /* CoinStatsTaskTests */,
				79DA8AB927FDC71900D56B57 /* CoinStatsTaskUITests */,
			);
		};
/* End PBXProject section */

/* Begin PBXResourcesBuildPhase section */
		79DA8A9827FDC71800D56B57 /* Resources */ = {
			isa = PBXResourcesBuildPhase;
			buildActionMask = 2147483647;
			files = (
				79DA8AAA27FDC71900D56B57 /* LaunchScreen.storyboard in Resources */,
				79DA8AA727FDC71900D56B57 /* Assets.xcassets in Resources */,
				79DA8AA527FDC71800D56B57 /* Main.storyboard in Resources */,
			);
			runOnlyForDeploymentPostprocessing = 0;
		};
		79DA8AAE27FDC71900D56B57 /* Resources */ = {
			isa = PBXResourcesBuildPhase;
			buildActionMask = 2147483647;
			files = (
			);
			runOnlyForDeploymentPostprocessing = 0;
		};
		79DA8AB827FDC71900D56B57 /* Resources */ = {
			isa = PBXResourcesBuildPhase;
			buildActionMask = 2147483647;
			files = (
			);
			runOnlyForDeploymentPostprocessing = 0;
		};
/* End PBXResourcesBuildPhase section */

/* Begin PBXShellScriptBuildPhase section */
		06290C1F8D646A262D3B2938 /* [CP] Check Pods Manifest.lock */ = {
			isa = PBXShellScriptBuildPhase;
			buildActionMask = 2147483647;
			files = (
			);
			inputFileListPaths = (
			);
			inputPaths = (
				"${PODS_PODFILE_DIR_PATH}/Podfile.lock",
				"${PODS_ROOT}/Manifest.lock",
			);
			name = "[CP] Check Pods Manifest.lock";
			outputFileListPaths = (
			);
			outputPaths = (
				"$(DERIVED_FILE_DIR)/Pods-CoinStatsTaskTests-checkManifestLockResult.txt",
			);
			runOnlyForDeploymentPostprocessing = 0;
			shellPath = /bin/sh;
			shellScript = "diff \"${PODS_PODFILE_DIR_PATH}/Podfile.lock\" \"${PODS_ROOT}/Manifest.lock\" > /dev/null\nif [ $? != 0 ] ; then\n    # print error to STDERR\n    echo \"error: The sandbox is not in sync with the Podfile.lock. Run 'pod install' or update your CocoaPods installation.\" >&2\n    exit 1\nfi\n# This output is used by Xcode 'outputs' to avoid re-running this script phase.\necho \"SUCCESS\" > \"${SCRIPT_OUTPUT_FILE_0}\"\n";
			showEnvVarsInLog = 0;
		};
		09A8D003CBC9ECB6F5A5359C /* [CP] Embed Pods Frameworks */ = {
			isa = PBXShellScriptBuildPhase;
			buildActionMask = 2147483647;
			files = (
			);
			inputFileListPaths = (
				"${PODS_ROOT}/Target Support Files/Pods-CoinStatsTask-CoinStatsTaskUITests/Pods-CoinStatsTask-CoinStatsTaskUITests-frameworks-${CONFIGURATION}-input-files.xcfilelist",
			);
			name = "[CP] Embed Pods Frameworks";
			outputFileListPaths = (
				"${PODS_ROOT}/Target Support Files/Pods-CoinStatsTask-CoinStatsTaskUITests/Pods-CoinStatsTask-CoinStatsTaskUITests-frameworks-${CONFIGURATION}-output-files.xcfilelist",
			);
			runOnlyForDeploymentPostprocessing = 0;
			shellPath = /bin/sh;
			shellScript = "\"${PODS_ROOT}/Target Support Files/Pods-CoinStatsTask-CoinStatsTaskUITests/Pods-CoinStatsTask-CoinStatsTaskUITests-frameworks.sh\"\n";
			showEnvVarsInLog = 0;
		};
		36BF58F677C728EB854D8B22 /* [CP] Embed Pods Frameworks */ = {
			isa = PBXShellScriptBuildPhase;
			buildActionMask = 2147483647;
			files = (
			);
			inputFileListPaths = (
				"${PODS_ROOT}/Target Support Files/Pods-CoinStatsTask/Pods-CoinStatsTask-frameworks-${CONFIGURATION}-input-files.xcfilelist",
			);
			name = "[CP] Embed Pods Frameworks";
			outputFileListPaths = (
				"${PODS_ROOT}/Target Support Files/Pods-CoinStatsTask/Pods-CoinStatsTask-frameworks-${CONFIGURATION}-output-files.xcfilelist",
			);
			runOnlyForDeploymentPostprocessing = 0;
			shellPath = /bin/sh;
			shellScript = "\"${PODS_ROOT}/Target Support Files/Pods-CoinStatsTask/Pods-CoinStatsTask-frameworks.sh\"\n";
			showEnvVarsInLog = 0;
		};
		4049A7F6D54A72ADB10307F1 /* [CP] Check Pods Manifest.lock */ = {
			isa = PBXShellScriptBuildPhase;
			buildActionMask = 2147483647;
			files = (
			);
			inputFileListPaths = (
			);
			inputPaths = (
				"${PODS_PODFILE_DIR_PATH}/Podfile.lock",
				"${PODS_ROOT}/Manifest.lock",
			);
			name = "[CP] Check Pods Manifest.lock";
			outputFileListPaths = (
			);
			outputPaths = (
				"$(DERIVED_FILE_DIR)/Pods-CoinStatsTask-checkManifestLockResult.txt",
			);
			runOnlyForDeploymentPostprocessing = 0;
			shellPath = /bin/sh;
			shellScript = "diff \"${PODS_PODFILE_DIR_PATH}/Podfile.lock\" \"${PODS_ROOT}/Manifest.lock\" > /dev/null\nif [ $? != 0 ] ; then\n    # print error to STDERR\n    echo \"error: The sandbox is not in sync with the Podfile.lock. Run 'pod install' or update your CocoaPods installation.\" >&2\n    exit 1\nfi\n# This output is used by Xcode 'outputs' to avoid re-running this script phase.\necho \"SUCCESS\" > \"${SCRIPT_OUTPUT_FILE_0}\"\n";
			showEnvVarsInLog = 0;
		};
		79C29C0F2800024900058D80 /* ShellScript */ = {
			isa = PBXShellScriptBuildPhase;
			buildActionMask = 2147483647;
			files = (
			);
			inputFileListPaths = (
			);
			inputPaths = (
			);
			outputFileListPaths = (
			);
			outputPaths = (
			);
			runOnlyForDeploymentPostprocessing = 0;
			shellPath = /bin/sh;
			shellScript = "if which swiftlint >/dev/null; then\n  swiftlint\nelse\n  echo \"warning: SwiftLint not installed, download from https://github.com/realm/SwiftLint\"\nfi\n";
		};
		EE7ED589C882150E2770B849 /* [CP] Check Pods Manifest.lock */ = {
			isa = PBXShellScriptBuildPhase;
			buildActionMask = 2147483647;
			files = (
			);
			inputFileListPaths = (
			);
			inputPaths = (
				"${PODS_PODFILE_DIR_PATH}/Podfile.lock",
				"${PODS_ROOT}/Manifest.lock",
			);
			name = "[CP] Check Pods Manifest.lock";
			outputFileListPaths = (
			);
			outputPaths = (
				"$(DERIVED_FILE_DIR)/Pods-CoinStatsTask-CoinStatsTaskUITests-checkManifestLockResult.txt",
			);
			runOnlyForDeploymentPostprocessing = 0;
			shellPath = /bin/sh;
			shellScript = "diff \"${PODS_PODFILE_DIR_PATH}/Podfile.lock\" \"${PODS_ROOT}/Manifest.lock\" > /dev/null\nif [ $? != 0 ] ; then\n    # print error to STDERR\n    echo \"error: The sandbox is not in sync with the Podfile.lock. Run 'pod install' or update your CocoaPods installation.\" >&2\n    exit 1\nfi\n# This output is used by Xcode 'outputs' to avoid re-running this script phase.\necho \"SUCCESS\" > \"${SCRIPT_OUTPUT_FILE_0}\"\n";
			showEnvVarsInLog = 0;
		};
/* End PBXShellScriptBuildPhase section */

/* Begin PBXSourcesBuildPhase section */
		79DA8A9627FDC71800D56B57 /* Sources */ = {
			isa = PBXSourcesBuildPhase;
			buildActionMask = 2147483647;
			files = (
				79A68C602804318700C0C762 /* Gallery.swift in Sources */,
				7939976627FEF6470024A4CF /* NetworkController.swift in Sources */,
				79E3A0AD2801AC920006FD0F /* LaunchViewController.swift in Sources */,
				79A9002F2803741C00198F5D /* Endpoints.swift in Sources */,
				79DA8A9E27FDC71800D56B57 /* AppDelegate.swift in Sources */,
				79EB059028025C8C00812689 /* PersistenceController.swift in Sources */,
				79E3A0AB2800450E0006FD0F /* ArticleRealm.swift in Sources */,
				79A900332803879C00198F5D /* UIStoryboard.swift in Sources */,
				79DA8AA027FDC71800D56B57 /* SceneDelegate.swift in Sources */,
				79EB058C28021ED200812689 /* GalleryCollectionViewController.swift in Sources */,
				7939976927FF01BB0024A4CF /* MainTableViewController.swift in Sources */,
				7939976D27FF036F0024A4CF /* MainTableViewCell.swift in Sources */,
				79EB058E280220ED00812689 /* GalleryCollectionViewCell.swift in Sources */,
				7939976427FEF4710024A4CF /* Article.swift in Sources */,
				7939977227FF2E660024A4CF /* DetailViewController.swift in Sources */,
				79A68C5E2804317B00C0C762 /* GalleryRealm.swift in Sources */,
				79A900352803881F00198F5D /* UIViewController.swift in Sources */,
			);
			runOnlyForDeploymentPostprocessing = 0;
		};
		79DA8AAC27FDC71900D56B57 /* Sources */ = {
			isa = PBXSourcesBuildPhase;
			buildActionMask = 2147483647;
			files = (
				79DA8AB527FDC71900D56B57 /* CoinStatsTaskTests.swift in Sources */,
			);
			runOnlyForDeploymentPostprocessing = 0;
		};
		79DA8AB627FDC71900D56B57 /* Sources */ = {
			isa = PBXSourcesBuildPhase;
			buildActionMask = 2147483647;
			files = (
				79DA8AC127FDC71A00D56B57 /* CoinStatsTaskUITestsLaunchTests.swift in Sources */,
				79DA8ABF27FDC71A00D56B57 /* CoinStatsTaskUITests.swift in Sources */,
			);
			runOnlyForDeploymentPostprocessing = 0;
		};
/* End PBXSourcesBuildPhase section */

/* Begin PBXTargetDependency section */
		79DA8AB227FDC71900D56B57 /* PBXTargetDependency */ = {
			isa = PBXTargetDependency;
			target = 79DA8A9927FDC71800D56B57 /* CoinStatsTask */;
			targetProxy = 79DA8AB127FDC71900D56B57 /* PBXContainerItemProxy */;
		};
		79DA8ABC27FDC71900D56B57 /* PBXTargetDependency */ = {
			isa = PBXTargetDependency;
			target = 79DA8A9927FDC71800D56B57 /* CoinStatsTask */;
			targetProxy = 79DA8ABB27FDC71900D56B57 /* PBXContainerItemProxy */;
		};
/* End PBXTargetDependency section */

/* Begin PBXVariantGroup section */
		79DA8AA327FDC71800D56B57 /* Main.storyboard */ = {
			isa = PBXVariantGroup;
			children = (
				79DA8AA427FDC71800D56B57 /* Base */,
			);
			name = Main.storyboard;
			sourceTree = "<group>";
		};
		79DA8AA827FDC71900D56B57 /* LaunchScreen.storyboard */ = {
			isa = PBXVariantGroup;
			children = (
				79DA8AA927FDC71900D56B57 /* Base */,
			);
			name = LaunchScreen.storyboard;
			sourceTree = "<group>";
		};
/* End PBXVariantGroup section */

/* Begin XCBuildConfiguration section */
		79DA8AC227FDC71A00D56B57 /* Debug */ = {
			isa = XCBuildConfiguration;
			buildSettings = {
				ALWAYS_SEARCH_USER_PATHS = NO;
				CLANG_ANALYZER_NONNULL = YES;
				CLANG_ANALYZER_NUMBER_OBJECT_CONVERSION = YES_AGGRESSIVE;
				CLANG_CXX_LANGUAGE_STANDARD = "gnu++17";
				CLANG_ENABLE_MODULES = YES;
				CLANG_ENABLE_OBJC_ARC = YES;
				CLANG_ENABLE_OBJC_WEAK = YES;
				CLANG_WARN_BLOCK_CAPTURE_AUTORELEASING = YES;
				CLANG_WARN_BOOL_CONVERSION = YES;
				CLANG_WARN_COMMA = YES;
				CLANG_WARN_CONSTANT_CONVERSION = YES;
				CLANG_WARN_DEPRECATED_OBJC_IMPLEMENTATIONS = YES;
				CLANG_WARN_DIRECT_OBJC_ISA_USAGE = YES_ERROR;
				CLANG_WARN_DOCUMENTATION_COMMENTS = YES;
				CLANG_WARN_EMPTY_BODY = YES;
				CLANG_WARN_ENUM_CONVERSION = YES;
				CLANG_WARN_INFINITE_RECURSION = YES;
				CLANG_WARN_INT_CONVERSION = YES;
				CLANG_WARN_NON_LITERAL_NULL_CONVERSION = YES;
				CLANG_WARN_OBJC_IMPLICIT_RETAIN_SELF = YES;
				CLANG_WARN_OBJC_LITERAL_CONVERSION = YES;
				CLANG_WARN_OBJC_ROOT_CLASS = YES_ERROR;
				CLANG_WARN_QUOTED_INCLUDE_IN_FRAMEWORK_HEADER = YES;
				CLANG_WARN_RANGE_LOOP_ANALYSIS = YES;
				CLANG_WARN_STRICT_PROTOTYPES = YES;
				CLANG_WARN_SUSPICIOUS_MOVE = YES;
				CLANG_WARN_UNGUARDED_AVAILABILITY = YES_AGGRESSIVE;
				CLANG_WARN_UNREACHABLE_CODE = YES;
				CLANG_WARN__DUPLICATE_METHOD_MATCH = YES;
				COPY_PHASE_STRIP = NO;
				DEBUG_INFORMATION_FORMAT = dwarf;
				ENABLE_STRICT_OBJC_MSGSEND = YES;
				ENABLE_TESTABILITY = YES;
				GCC_C_LANGUAGE_STANDARD = gnu11;
				GCC_DYNAMIC_NO_PIC = NO;
				GCC_NO_COMMON_BLOCKS = YES;
				GCC_OPTIMIZATION_LEVEL = 0;
				GCC_PREPROCESSOR_DEFINITIONS = (
					"DEBUG=1",
					"$(inherited)",
				);
				GCC_WARN_64_TO_32_BIT_CONVERSION = YES;
				GCC_WARN_ABOUT_RETURN_TYPE = YES_ERROR;
				GCC_WARN_UNDECLARED_SELECTOR = YES;
				GCC_WARN_UNINITIALIZED_AUTOS = YES_AGGRESSIVE;
				GCC_WARN_UNUSED_FUNCTION = YES;
				GCC_WARN_UNUSED_VARIABLE = YES;
				IPHONEOS_DEPLOYMENT_TARGET = 13.0;
				MTL_ENABLE_DEBUG_INFO = INCLUDE_SOURCE;
				MTL_FAST_MATH = YES;
				ONLY_ACTIVE_ARCH = YES;
				SDKROOT = iphoneos;
				SWIFT_ACTIVE_COMPILATION_CONDITIONS = DEBUG;
				SWIFT_OPTIMIZATION_LEVEL = "-Onone";
			};
			name = Debug;
		};
		79DA8AC327FDC71A00D56B57 /* Release */ = {
			isa = XCBuildConfiguration;
			buildSettings = {
				ALWAYS_SEARCH_USER_PATHS = NO;
				CLANG_ANALYZER_NONNULL = YES;
				CLANG_ANALYZER_NUMBER_OBJECT_CONVERSION = YES_AGGRESSIVE;
				CLANG_CXX_LANGUAGE_STANDARD = "gnu++17";
				CLANG_ENABLE_MODULES = YES;
				CLANG_ENABLE_OBJC_ARC = YES;
				CLANG_ENABLE_OBJC_WEAK = YES;
				CLANG_WARN_BLOCK_CAPTURE_AUTORELEASING = YES;
				CLANG_WARN_BOOL_CONVERSION = YES;
				CLANG_WARN_COMMA = YES;
				CLANG_WARN_CONSTANT_CONVERSION = YES;
				CLANG_WARN_DEPRECATED_OBJC_IMPLEMENTATIONS = YES;
				CLANG_WARN_DIRECT_OBJC_ISA_USAGE = YES_ERROR;
				CLANG_WARN_DOCUMENTATION_COMMENTS = YES;
				CLANG_WARN_EMPTY_BODY = YES;
				CLANG_WARN_ENUM_CONVERSION = YES;
				CLANG_WARN_INFINITE_RECURSION = YES;
				CLANG_WARN_INT_CONVERSION = YES;
				CLANG_WARN_NON_LITERAL_NULL_CONVERSION = YES;
				CLANG_WARN_OBJC_IMPLICIT_RETAIN_SELF = YES;
				CLANG_WARN_OBJC_LITERAL_CONVERSION = YES;
				CLANG_WARN_OBJC_ROOT_CLASS = YES_ERROR;
				CLANG_WARN_QUOTED_INCLUDE_IN_FRAMEWORK_HEADER = YES;
				CLANG_WARN_RANGE_LOOP_ANALYSIS = YES;
				CLANG_WARN_STRICT_PROTOTYPES = YES;
				CLANG_WARN_SUSPICIOUS_MOVE = YES;
				CLANG_WARN_UNGUARDED_AVAILABILITY = YES_AGGRESSIVE;
				CLANG_WARN_UNREACHABLE_CODE = YES;
				CLANG_WARN__DUPLICATE_METHOD_MATCH = YES;
				COPY_PHASE_STRIP = NO;
				DEBUG_INFORMATION_FORMAT = "dwarf-with-dsym";
				ENABLE_NS_ASSERTIONS = NO;
				ENABLE_STRICT_OBJC_MSGSEND = YES;
				GCC_C_LANGUAGE_STANDARD = gnu11;
				GCC_NO_COMMON_BLOCKS = YES;
				GCC_WARN_64_TO_32_BIT_CONVERSION = YES;
				GCC_WARN_ABOUT_RETURN_TYPE = YES_ERROR;
				GCC_WARN_UNDECLARED_SELECTOR = YES;
				GCC_WARN_UNINITIALIZED_AUTOS = YES_AGGRESSIVE;
				GCC_WARN_UNUSED_FUNCTION = YES;
				GCC_WARN_UNUSED_VARIABLE = YES;
				IPHONEOS_DEPLOYMENT_TARGET = 13.0;
				MTL_ENABLE_DEBUG_INFO = NO;
				MTL_FAST_MATH = YES;
				SDKROOT = iphoneos;
				SWIFT_COMPILATION_MODE = wholemodule;
				SWIFT_OPTIMIZATION_LEVEL = "-O";
				VALIDATE_PRODUCT = YES;
			};
			name = Release;
		};
		79DA8AC527FDC71A00D56B57 /* Debug */ = {
			isa = XCBuildConfiguration;
			baseConfigurationReference = 3C1EB2315A8822F2E2DD06BF /* Pods-CoinStatsTask.debug.xcconfig */;
			buildSettings = {
				ASSETCATALOG_COMPILER_APPICON_NAME = AppIcon;
				ASSETCATALOG_COMPILER_GLOBAL_ACCENT_COLOR_NAME = AccentColor;
				CODE_SIGN_STYLE = Automatic;
				CURRENT_PROJECT_VERSION = 1;
				DEVELOPMENT_TEAM = 7UL899V6N2;
				GENERATE_INFOPLIST_FILE = YES;
				INFOPLIST_FILE = CoinStatsTask/Info.plist;
				INFOPLIST_KEY_UIApplicationSupportsIndirectInputEvents = YES;
				INFOPLIST_KEY_UILaunchStoryboardName = LaunchScreen;
				INFOPLIST_KEY_UIMainStoryboardFile = Main;
				INFOPLIST_KEY_UIRequiresFullScreen = YES;
				INFOPLIST_KEY_UISupportedInterfaceOrientations_iPad = "UIInterfaceOrientationLandscapeLeft UIInterfaceOrientationLandscapeRight";
				INFOPLIST_KEY_UISupportedInterfaceOrientations_iPhone = "UIInterfaceOrientationPortrait UIInterfaceOrientationLandscapeLeft UIInterfaceOrientationLandscapeRight";
				LD_RUNPATH_SEARCH_PATHS = (
					"$(inherited)",
					"@executable_path/Frameworks",
				);
				MARKETING_VERSION = 1.0;
				PRODUCT_BUNDLE_IDENTIFIER = "com.chaotic-arts.CoinStatsTask";
				PRODUCT_NAME = "$(TARGET_NAME)";
				SWIFT_EMIT_LOC_STRINGS = YES;
				SWIFT_VERSION = 5.0;
				TARGETED_DEVICE_FAMILY = "1,2";
			};
			name = Debug;
		};
		79DA8AC627FDC71A00D56B57 /* Release */ = {
			isa = XCBuildConfiguration;
			baseConfigurationReference = 83DDB2EC79E053919867BCC0 /* Pods-CoinStatsTask.release.xcconfig */;
			buildSettings = {
				ASSETCATALOG_COMPILER_APPICON_NAME = AppIcon;
				ASSETCATALOG_COMPILER_GLOBAL_ACCENT_COLOR_NAME = AccentColor;
				CODE_SIGN_STYLE = Automatic;
				CURRENT_PROJECT_VERSION = 1;
				DEVELOPMENT_TEAM = 7UL899V6N2;
				GENERATE_INFOPLIST_FILE = YES;
				INFOPLIST_FILE = CoinStatsTask/Info.plist;
				INFOPLIST_KEY_UIApplicationSupportsIndirectInputEvents = YES;
				INFOPLIST_KEY_UILaunchStoryboardName = LaunchScreen;
				INFOPLIST_KEY_UIMainStoryboardFile = Main;
				INFOPLIST_KEY_UIRequiresFullScreen = YES;
				INFOPLIST_KEY_UISupportedInterfaceOrientations_iPad = "UIInterfaceOrientationLandscapeLeft UIInterfaceOrientationLandscapeRight";
				INFOPLIST_KEY_UISupportedInterfaceOrientations_iPhone = "UIInterfaceOrientationPortrait UIInterfaceOrientationLandscapeLeft UIInterfaceOrientationLandscapeRight";
				LD_RUNPATH_SEARCH_PATHS = (
					"$(inherited)",
					"@executable_path/Frameworks",
				);
				MARKETING_VERSION = 1.0;
				PRODUCT_BUNDLE_IDENTIFIER = "com.chaotic-arts.CoinStatsTask";
				PRODUCT_NAME = "$(TARGET_NAME)";
				SWIFT_EMIT_LOC_STRINGS = YES;
				SWIFT_VERSION = 5.0;
				TARGETED_DEVICE_FAMILY = "1,2";
			};
			name = Release;
		};
		79DA8AC827FDC71A00D56B57 /* Debug */ = {
			isa = XCBuildConfiguration;
			baseConfigurationReference = 9846E8BD0D0FFD5D01D50CE1 /* Pods-CoinStatsTaskTests.debug.xcconfig */;
			buildSettings = {
				ALWAYS_EMBED_SWIFT_STANDARD_LIBRARIES = YES;
				BUNDLE_LOADER = "$(TEST_HOST)";
				CODE_SIGN_STYLE = Automatic;
				CURRENT_PROJECT_VERSION = 1;
				DEVELOPMENT_TEAM = 7UL899V6N2;
				GENERATE_INFOPLIST_FILE = YES;
				IPHONEOS_DEPLOYMENT_TARGET = 15.4;
				MARKETING_VERSION = 1.0;
				PRODUCT_BUNDLE_IDENTIFIER = "com.chaotic-arts.CoinStatsTaskTests";
				PRODUCT_NAME = "$(TARGET_NAME)";
				SWIFT_EMIT_LOC_STRINGS = NO;
				SWIFT_VERSION = 5.0;
				TARGETED_DEVICE_FAMILY = "1,2";
				TEST_HOST = "$(BUILT_PRODUCTS_DIR)/CoinStatsTask.app/CoinStatsTask";
			};
			name = Debug;
		};
		79DA8AC927FDC71A00D56B57 /* Release */ = {
			isa = XCBuildConfiguration;
			baseConfigurationReference = F235B88402C7504E73115639 /* Pods-CoinStatsTaskTests.release.xcconfig */;
			buildSettings = {
				ALWAYS_EMBED_SWIFT_STANDARD_LIBRARIES = YES;
				BUNDLE_LOADER = "$(TEST_HOST)";
				CODE_SIGN_STYLE = Automatic;
				CURRENT_PROJECT_VERSION = 1;
				DEVELOPMENT_TEAM = 7UL899V6N2;
				GENERATE_INFOPLIST_FILE = YES;
				IPHONEOS_DEPLOYMENT_TARGET = 15.4;
				MARKETING_VERSION = 1.0;
				PRODUCT_BUNDLE_IDENTIFIER = "com.chaotic-arts.CoinStatsTaskTests";
				PRODUCT_NAME = "$(TARGET_NAME)";
				SWIFT_EMIT_LOC_STRINGS = NO;
				SWIFT_VERSION = 5.0;
				TARGETED_DEVICE_FAMILY = "1,2";
				TEST_HOST = "$(BUILT_PRODUCTS_DIR)/CoinStatsTask.app/CoinStatsTask";
			};
			name = Release;
		};
		79DA8ACB27FDC71A00D56B57 /* Debug */ = {
			isa = XCBuildConfiguration;
			baseConfigurationReference = 4DA58CA60399369DF58247FE /* Pods-CoinStatsTask-CoinStatsTaskUITests.debug.xcconfig */;
			buildSettings = {
				ALWAYS_EMBED_SWIFT_STANDARD_LIBRARIES = YES;
				CODE_SIGN_STYLE = Automatic;
				CURRENT_PROJECT_VERSION = 1;
				DEVELOPMENT_TEAM = 7UL899V6N2;
				GENERATE_INFOPLIST_FILE = YES;
				MARKETING_VERSION = 1.0;
				PRODUCT_BUNDLE_IDENTIFIER = "com.chaotic-arts.CoinStatsTaskUITests";
				PRODUCT_NAME = "$(TARGET_NAME)";
				SWIFT_EMIT_LOC_STRINGS = NO;
				SWIFT_VERSION = 5.0;
				TARGETED_DEVICE_FAMILY = "1,2";
				TEST_TARGET_NAME = CoinStatsTask;
			};
			name = Debug;
		};
		79DA8ACC27FDC71A00D56B57 /* Release */ = {
			isa = XCBuildConfiguration;
			baseConfigurationReference = 6F51A8FC68C56DE4E8D6D9FE /* Pods-CoinStatsTask-CoinStatsTaskUITests.release.xcconfig */;
			buildSettings = {
				ALWAYS_EMBED_SWIFT_STANDARD_LIBRARIES = YES;
				CODE_SIGN_STYLE = Automatic;
				CURRENT_PROJECT_VERSION = 1;
				DEVELOPMENT_TEAM = 7UL899V6N2;
				GENERATE_INFOPLIST_FILE = YES;
				MARKETING_VERSION = 1.0;
				PRODUCT_BUNDLE_IDENTIFIER = "com.chaotic-arts.CoinStatsTaskUITests";
				PRODUCT_NAME = "$(TARGET_NAME)";
				SWIFT_EMIT_LOC_STRINGS = NO;
				SWIFT_VERSION = 5.0;
				TARGETED_DEVICE_FAMILY = "1,2";
				TEST_TARGET_NAME = CoinStatsTask;
			};
			name = Release;
		};
/* End XCBuildConfiguration section */

/* Begin XCConfigurationList section */
		79DA8A9527FDC71700D56B57 /* Build configuration list for PBXProject "CoinStatsTask" */ = {
			isa = XCConfigurationList;
			buildConfigurations = (
				79DA8AC227FDC71A00D56B57 /* Debug */,
				79DA8AC327FDC71A00D56B57 /* Release */,
			);
			defaultConfigurationIsVisible = 0;
			defaultConfigurationName = Release;
		};
		79DA8AC427FDC71A00D56B57 /* Build configuration list for PBXNativeTarget "CoinStatsTask" */ = {
			isa = XCConfigurationList;
			buildConfigurations = (
				79DA8AC527FDC71A00D56B57 /* Debug */,
				79DA8AC627FDC71A00D56B57 /* Release */,
			);
			defaultConfigurationIsVisible = 0;
			defaultConfigurationName = Release;
		};
		79DA8AC727FDC71A00D56B57 /* Build configuration list for PBXNativeTarget "CoinStatsTaskTests" */ = {
			isa = XCConfigurationList;
			buildConfigurations = (
				79DA8AC827FDC71A00D56B57 /* Debug */,
				79DA8AC927FDC71A00D56B57 /* Release */,
			);
			defaultConfigurationIsVisible = 0;
			defaultConfigurationName = Release;
		};
		79DA8ACA27FDC71A00D56B57 /* Build configuration list for PBXNativeTarget "CoinStatsTaskUITests" */ = {
			isa = XCConfigurationList;
			buildConfigurations = (
				79DA8ACB27FDC71A00D56B57 /* Debug */,
				79DA8ACC27FDC71A00D56B57 /* Release */,
			);
			defaultConfigurationIsVisible = 0;
			defaultConfigurationName = Release;
		};
/* End XCConfigurationList section */

/* Begin XCRemoteSwiftPackageReference section */
		7939976E27FF0B9E0024A4CF /* XCRemoteSwiftPackageReference "Kingfisher" */ = {
			isa = XCRemoteSwiftPackageReference;
			repositoryURL = "https://github.com/onevcat/Kingfisher.git";
			requirement = {
				kind = upToNextMinorVersion;
				minimumVersion = 7.2.0;
			};
		};
		7939977327FF2F350024A4CF /* XCRemoteSwiftPackageReference "realm-swift" */ = {
			isa = XCRemoteSwiftPackageReference;
			repositoryURL = "https://github.com/realm/realm-swift.git";
			requirement = {
				branch = master;
				kind = branch;
			};
		};
/* End XCRemoteSwiftPackageReference section */

/* Begin XCSwiftPackageProductDependency section */
		7939976F27FF0B9E0024A4CF /* Kingfisher */ = {
			isa = XCSwiftPackageProductDependency;
			package = 7939976E27FF0B9E0024A4CF /* XCRemoteSwiftPackageReference "Kingfisher" */;
			productName = Kingfisher;
		};
		7939977427FF2F350024A4CF /* Realm */ = {
			isa = XCSwiftPackageProductDependency;
			package = 7939977327FF2F350024A4CF /* XCRemoteSwiftPackageReference "realm-swift" */;
			productName = Realm;
		};
		7939977627FF2F350024A4CF /* RealmSwift */ = {
			isa = XCSwiftPackageProductDependency;
			package = 7939977327FF2F350024A4CF /* XCRemoteSwiftPackageReference "realm-swift" */;
			productName = RealmSwift;
		};
/* End XCSwiftPackageProductDependency section */
	};
	rootObject = 79DA8A9227FDC71700D56B57 /* Project object */;
}
